# @generated by Move, please check-in and do not edit manually.

[move]
version = 3
manifest_digest = "228175C99694773D3779ECEB6B008DBFB4F01A0325CAF8FFE09494E69BF1D7F4"
deps_digest = "F8BBB0CCB2491CA29A3DF03D6F92277A4F3574266507ACD77214D37ECA3F3082"
dependencies = [
  { id = "One", name = "One" },
]

[[move.package]]
id = "MoveStdlib"
source = { git = "https://github.com/one-chain-labs/onechain.git", rev = "main", subdir = "crates/sui-framework/packages/move-stdlib" }

[[move.package]]
id = "One"
source = { git = "https://github.com/one-chain-labs/onechain.git", rev = "main", subdir = "crates/sui-framework/packages/one-framework" }

dependencies = [
  { id = "MoveStdlib", name = "MoveStdlib" },
]

[move.toolchain-version]
compiler-version = "1.0.6"
edition = "2024.beta"
flavor = "one"

[env]

[env.testnet]
chain-id = "1bd5c965"
original-published-id = "0x0000000000000000000000000000000000000000000000000000000000000000"
latest-published-id = "0xd89a0d0af1ae1df92fcc504c4b49ea723c81fc0864dd0922ea39c63d4298e0e7"
published-version = "1"

[env.onechain-testnet]
chain-id = "1bd5c965"
original-published-id = "0x7251628812c4061e362f6e8593c34bedb2b1462dff37861e2a36c27ad29095a4"
latest-published-id = "0x7251628812c4061e362f6e8593c34bedb2b1462dff37861e2a36c27ad29095a4"
published-version = "1"

[env.mainnet]
chain-id = "684f4c2b"
original-published-id = "0x1d52970fc53063e28cde8f486d13931cb544797575b3d13ff9e2ac5d77115614"
latest-published-id = "0x1d52970fc53063e28cde8f486d13931cb544797575b3d13ff9e2ac5d77115614"
published-version = "1"
